
Microsoft Visual Studio Solution File, Format Version 12.00
# Visual Studio Version 16
VisualStudioVersion = 16.0.30225.117
MinimumVisualStudioVersion = 10.0.40219.1
Project("{2150E333-8FDC-42A3-9474-1A3956D46DE8}") = "ApiGateways", "ApiGateways", "{601F2C16-8523-495D-8653-D0B73E8219A7}"
EndProject
Project("{2150E333-8FDC-42A3-9474-1A3956D46DE8}") = "Services", "Services", "{8398E571-EB1B-4F12-A3F2-05910E4693CC}"
EndProject
Project("{2150E333-8FDC-42A3-9474-1A3956D46DE8}") = "WebApps", "WebApps", "{8E955D29-6EAF-4DBF-A882-F36D41898D4C}"
EndProject
Project("{9A19103F-16F7-4668-BE54-9A1E7A4F7556}") = "Applying.API", "Applying.API\Applying.API.csproj", "{2BD38A2A-0DA1-4147-9D51-4CC338B993E6}"
EndProject
Project("{9A19103F-16F7-4668-BE54-9A1E7A4F7556}") = "Identity.API", "Identity.API\Identity.API.csproj", "{1AB82795-BFB6-4B84-9D29-B9414E065B4E}"
EndProject
Project("{9A19103F-16F7-4668-BE54-9A1E7A4F7556}") = "Jobs.API", "Jobs.API\Jobs.API.csproj", "{1AA4A162-3070-4D28-BBA0-04AFA583F5F6}"
EndProject
Project("{9A19103F-16F7-4668-BE54-9A1E7A4F7556}") = "WebMVC", "WebMVC\WebMVC.csproj", "{0C369302-EF66-4504-9345-4B24B0586EE7}"
EndProject
Project("{9A19103F-16F7-4668-BE54-9A1E7A4F7556}") = "ApiGateway", "ApiGateway\ApiGateway.csproj", "{5B52956D-B4DC-4FFA-8594-63DB01E5F84E}"
EndProject
Project("{E53339B2-1760-4266-BCC7-CA923CBCF16C}") = "docker-compose", "docker-compose.dcproj", "{67D62679-D18B-4DE1-8AD9-FDF1B2C92A22}"
EndProject
Project("{2150E333-8FDC-42A3-9474-1A3956D46DE8}") = "EventBus", "EventBus", "{77EE7069-AA6C-488D-A04B-660CCE66E755}"
EndProject
Project("{9A19103F-16F7-4668-BE54-9A1E7A4F7556}") = "EventBus", "EventBus\EventBus.csproj", "{A981B364-27F9-4A66-807E-2EBD0371F78D}"
EndProject
Project("{9A19103F-16F7-4668-BE54-9A1E7A4F7556}") = "EventBusRabbitMQ", "EventBusRabbitMQ\EventBusRabbitMQ.csproj", "{0996F92E-2103-489A-9132-43D37797C38C}"
EndProject
Project("{9A19103F-16F7-4668-BE54-9A1E7A4F7556}") = "IdentityServer.API", "IdentityServer.API\IdentityServer.API.csproj", "{587663D8-CD17-4A31-AF20-6EA0AE645F3F}"
EndProject
Global
	GlobalSection(SolutionConfigurationPlatforms) = preSolution
		Debug|Any CPU = Debug|Any CPU
		Release|Any CPU = Release|Any CPU
	EndGlobalSection
	GlobalSection(ProjectConfigurationPlatforms) = postSolution
		{2BD38A2A-0DA1-4147-9D51-4CC338B993E6}.Debug|Any CPU.ActiveCfg = Debug|Any CPU
		{2BD38A2A-0DA1-4147-9D51-4CC338B993E6}.Debug|Any CPU.Build.0 = Debug|Any CPU
		{2BD38A2A-0DA1-4147-9D51-4CC338B993E6}.Release|Any CPU.ActiveCfg = Release|Any CPU
		{2BD38A2A-0DA1-4147-9D51-4CC338B993E6}.Release|Any CPU.Build.0 = Release|Any CPU
		{1AB82795-BFB6-4B84-9D29-B9414E065B4E}.Debug|Any CPU.ActiveCfg = Debug|Any CPU
		{1AB82795-BFB6-4B84-9D29-B9414E065B4E}.Debug|Any CPU.Build.0 = Debug|Any CPU
		{1AB82795-BFB6-4B84-9D29-B9414E065B4E}.Release|Any CPU.ActiveCfg = Release|Any CPU
		{1AB82795-BFB6-4B84-9D29-B9414E065B4E}.Release|Any CPU.Build.0 = Release|Any CPU
		{1AA4A162-3070-4D28-BBA0-04AFA583F5F6}.Debug|Any CPU.ActiveCfg = Debug|Any CPU
		{1AA4A162-3070-4D28-BBA0-04AFA583F5F6}.Debug|Any CPU.Build.0 = Debug|Any CPU
		{1AA4A162-3070-4D28-BBA0-04AFA583F5F6}.Release|Any CPU.ActiveCfg = Release|Any CPU
		{1AA4A162-3070-4D28-BBA0-04AFA583F5F6}.Release|Any CPU.Build.0 = Release|Any CPU
		{0C369302-EF66-4504-9345-4B24B0586EE7}.Debug|Any CPU.ActiveCfg = Debug|Any CPU
		{0C369302-EF66-4504-9345-4B24B0586EE7}.Debug|Any CPU.Build.0 = Debug|Any CPU
		{0C369302-EF66-4504-9345-4B24B0586EE7}.Release|Any CPU.ActiveCfg = Release|Any CPU
		{0C369302-EF66-4504-9345-4B24B0586EE7}.Release|Any CPU.Build.0 = Release|Any CPU
		{5B52956D-B4DC-4FFA-8594-63DB01E5F84E}.Debug|Any CPU.ActiveCfg = Debug|Any CPU
		{5B52956D-B4DC-4FFA-8594-63DB01E5F84E}.Debug|Any CPU.Build.0 = Debug|Any CPU
		{5B52956D-B4DC-4FFA-8594-63DB01E5F84E}.Release|Any CPU.ActiveCfg = Release|Any CPU
		{5B52956D-B4DC-4FFA-8594-63DB01E5F84E}.Release|Any CPU.Build.0 = Release|Any CPU
		{67D62679-D18B-4DE1-8AD9-FDF1B2C92A22}.Debug|Any CPU.ActiveCfg = Debug|Any CPU
		{67D62679-D18B-4DE1-8AD9-FDF1B2C92A22}.Debug|Any CPU.Build.0 = Debug|Any CPU
		{67D62679-D18B-4DE1-8AD9-FDF1B2C92A22}.Release|Any CPU.ActiveCfg = Release|Any CPU
		{67D62679-D18B-4DE1-8AD9-FDF1B2C92A22}.Release|Any CPU.Build.0 = Release|Any CPU
		{A981B364-27F9-4A66-807E-2EBD0371F78D}.Debug|Any CPU.ActiveCfg = Debug|Any CPU
		{A981B364-27F9-4A66-807E-2EBD0371F78D}.Debug|Any CPU.Build.0 = Debug|Any CPU
		{A981B364-27F9-4A66-807E-2EBD0371F78D}.Release|Any CPU.ActiveCfg = Release|Any CPU
		{A981B364-27F9-4A66-807E-2EBD0371F78D}.Release|Any CPU.Build.0 = Release|Any CPU
		{0996F92E-2103-489A-9132-43D37797C38C}.Debug|Any CPU.ActiveCfg = Debug|Any CPU
		{0996F92E-2103-489A-9132-43D37797C38C}.Debug|Any CPU.Build.0 = Debug|Any CPU
		{0996F92E-2103-489A-9132-43D37797C38C}.Release|Any CPU.ActiveCfg = Release|Any CPU
		{0996F92E-2103-489A-9132-43D37797C38C}.Release|Any CPU.Build.0 = Release|Any CPU
		{587663D8-CD17-4A31-AF20-6EA0AE645F3F}.Debug|Any CPU.ActiveCfg = Debug|Any CPU
		{587663D8-CD17-4A31-AF20-6EA0AE645F3F}.Debug|Any CPU.Build.0 = Debug|Any CPU
		{587663D8-CD17-4A31-AF20-6EA0AE645F3F}.Release|Any CPU.ActiveCfg = Release|Any CPU
		{587663D8-CD17-4A31-AF20-6EA0AE645F3F}.Release|Any CPU.Build.0 = Release|Any CPU
	EndGlobalSection
	GlobalSection(SolutionProperties) = preSolution
		HideSolutionNode = FALSE
	EndGlobalSection
	GlobalSection(NestedProjects) = preSolution
		{2BD38A2A-0DA1-4147-9D51-4CC338B993E6} = {8398E571-EB1B-4F12-A3F2-05910E4693CC}
		{1AB82795-BFB6-4B84-9D29-B9414E065B4E} = {8398E571-EB1B-4F12-A3F2-05910E4693CC}
		{1AA4A162-3070-4D28-BBA0-04AFA583F5F6} = {8398E571-EB1B-4F12-A3F2-05910E4693CC}
		{0C369302-EF66-4504-9345-4B24B0586EE7} = {8E955D29-6EAF-4DBF-A882-F36D41898D4C}
		{5B52956D-B4DC-4FFA-8594-63DB01E5F84E} = {601F2C16-8523-495D-8653-D0B73E8219A7}
		{A981B364-27F9-4A66-807E-2EBD0371F78D} = {77EE7069-AA6C-488D-A04B-660CCE66E755}
		{0996F92E-2103-489A-9132-43D37797C38C} = {77EE7069-AA6C-488D-A04B-660CCE66E755}
		{587663D8-CD17-4A31-AF20-6EA0AE645F3F} = {8398E571-EB1B-4F12-A3F2-05910E4693CC}
	EndGlobalSection
	GlobalSection(ExtensibilityGlobals) = postSolution
		SolutionGuid = {0A0FD0B0-18EA-41D6-B5AE-AF78AE09B99A}
	EndGlobalSection
EndGlobal
